# @generated - this file is auto-generated by `mise lock` https://mise.jdx.dev/dev-tools/mise-lock.html

[[tools.go]]
version = "1.26.5"
backend = "core:go"

[tools.go."platforms.linux-arm64"]
checksum = "sha256:fe4789e92b1f33358680864bbe8704289e7bb5fc207d80623c308935bd696d49"
url = "https://dl.google.com/go/go1.26.5.linux-arm64.tar.gz"

[tools.go."platforms.linux-arm64-musl"]
checksum = "sha256:fe4789e92b1f33358680864bbe8704289e7bb5fc207d80623c308935bd696d49"
url = "https://dl.google.com/go/go1.26.5.linux-arm64.tar.gz"

[tools.go."platforms.linux-x64"]
checksum = "sha256:5c2c3b16caefa1d968a94c1daca04a7ca301a496d9b086e17ad77bb81393f053"
url = "https://dl.google.com/go/go1.26.5.linux-amd64.tar.gz"

[tools.go."platforms.linux-x64-musl"]
checksum = "sha256:5c2c3b16caefa1d968a94c1daca04a7ca301a496d9b086e17ad77bb81393f053"
url = "https://dl.google.com/go/go1.26.5.linux-amd64.tar.gz"

[tools.go."platforms.macos-arm64"]
checksum = "sha256:efb87ff28af9a188d0536ef5d42e63dd52ba8263cd7344a993cc48dd11dedb6a"
url = "https://dl.google.com/go/go1.26.5.darwin-arm64.tar.gz"

[tools.go."platforms.macos-x64"]
checksum = "sha256:6231d8d3b8f5552ec6cbf6d685bdd5482e1e703214b120e89b3bf0d7bf1ef725"
url = "https://dl.google.com/go/go1.26.5.darwin-amd64.tar.gz"

[tools.go."platforms.windows-arm64"]
checksum = "sha256:f96ee46396d69f1e231c8d981ec6a70216238a646a1f2cd74aea0d0016bbc017"
url = "https://dl.google.com/go/go1.26.5.windows-arm64.zip"

[tools.go."platforms.windows-x64"]
checksum = "sha256:97e6b2a833b6d89f9ff17d25419ac0a7e3b482a044e9ab18cdef834bd834fd38"
url = "https://dl.google.com/go/go1.26.5.windows-amd64.zip"

[[tools.goreleaser]]
version = "2.18.0"
backend = "aqua:goreleaser/goreleaser"

[tools.goreleaser."platforms.linux-arm64"]
provenance = "github-attestations"

[tools.goreleaser."platforms.linux-arm64-musl"]
provenance = "github-attestations"

[tools.goreleaser."platforms.linux-x64"]
provenance = "github-attestations"

[tools.goreleaser."platforms.linux-x64-musl"]
provenance = "github-attestations"

[tools.goreleaser."platforms.macos-arm64"]
provenance = "github-attestations"

[tools.goreleaser."platforms.macos-x64"]
provenance = "github-attestations"

[tools.goreleaser."platforms.windows-arm64"]
provenance = "github-attestations"

[tools.goreleaser."platforms.windows-x64"]
provenance = "github-attestations"

[[tools.yq]]
version = "4.53.3"
backend = "aqua:mikefarah/yq"

[tools.yq."platforms.linux-arm64"]
checksum = "sha256:578648e463a11c1b6db6010cbf41eafed6bee79466fcffa1bb446672cf7945ea"
url = "https://github.com/mikefarah/yq/releases/download/v4.53.3/yq_linux_arm64"
url_api = "https://api.github.com/repos/mikefarah/yq/releases/assets/440146727"
provenance = "cosign"

[tools.yq."platforms.linux-arm64-musl"]
checksum = "sha256:578648e463a11c1b6db6010cbf41eafed6bee79466fcffa1bb446672cf7945ea"
url = "https://github.com/mikefarah/yq/releases/download/v4.53.3/yq_linux_arm64"
url_api = "https://api.github.com/repos/mikefarah/yq/releases/assets/440146727"
provenance = "cosign"

[tools.yq."platforms.linux-x64"]
checksum = "sha256:fa52a4e758c63d38299163fbdd1edfb4c4963247918bf9c1c5d31d84789eded4"
url = "https://github.com/mikefarah/yq/releases/download/v4.53.3/yq_linux_amd64"
url_api = "https://api.github.com/repos/mikefarah/yq/releases/assets/440146735"
provenance = "cosign"

[tools.yq."platforms.linux-x64-musl"]
checksum = "sha256:fa52a4e758c63d38299163fbdd1edfb4c4963247918bf9c1c5d31d84789eded4"
url = "https://github.com/mikefarah/yq/releases/download/v4.53.3/yq_linux_amd64"
url_api = "https://api.github.com/repos/mikefarah/yq/releases/assets/440146735"
provenance = "cosign"

[tools.yq."platforms.macos-arm64"]
checksum = "sha256:877de31753a4dd2401aa048937aa9a7fc4d5f6ce858cf31508c5802954297213"
url = "https://github.com/mikefarah/yq/releases/download/v4.53.3/yq_darwin_arm64"
url_api = "https://api.github.com/repos/mikefarah/yq/releases/assets/440146762"
provenance = "cosign"

[tools.yq."platforms.macos-x64"]
checksum = "sha256:b4ba1ecce3c47f00803f4f964de38394326c7a32eb6540616e04fb2935a0f08d"
url = "https://github.com/mikefarah/yq/releases/download/v4.53.3/yq_darwin_amd64"
url_api = "https://api.github.com/repos/mikefarah/yq/releases/assets/440146744"
provenance = "cosign"

[tools.yq."platforms.windows-arm64"]
checksum = "sha256:c80ac96ff2a8d77d452d91304e11feef8fb23239900b3d1d88f47c2ec93be970"
url = "https://github.com/mikefarah/yq/releases/download/v4.53.3/yq_windows_arm64.exe"
url_api = "https://api.github.com/repos/mikefarah/yq/releases/assets/440146718"
provenance = "cosign"

[tools.yq."platforms.windows-x64"]
checksum = "sha256:e279bc506a452eeafcdf364f91a025455e402a8001169083caf01f4b64a544e2"
url = "https://github.com/mikefarah/yq/releases/download/v4.53.3/yq_windows_amd64.exe"
url_api = "https://api.github.com/repos/mikefarah/yq/releases/assets/440146721"
provenance = "cosign"
